
Microsoft Visual Studio Solution File, Format Version 12.00
# Visual Studio Version 17
VisualStudioVersion = 17.1.31903.286
MinimumVisualStudioVersion = 10.0.40219.1
Project("{2150E333-8FDC-42A3-9474-1A3956D46DE8}") = "src", "src", "{85DE6C43-C43F-43C9-ADDF-0F824435E113}"
EndProject
Project("{2150E333-8FDC-42A3-9474-1A3956D46DE8}") = "test", "test", "{0FAAE34A-3191-4C43-B07D-E1AE0AAA3164}"
EndProject
Project("{2150E333-8FDC-42A3-9474-1A3956D46DE8}") = ".github", ".github", "{1F6E911D-71BE-42F3-846C-AE2D004C8A07}"
EndProject
Project("{2150E333-8FDC-42A3-9474-1A3956D46DE8}") = "workflows", "workflows", "{E4C653EC-891A-4C11-AA92-115FF8F63EFF}"
	ProjectSection(SolutionItems) = preProject
		dotnet.yml = dotnet.yml
	EndProjectSection
EndProject
Project("{9A19103F-16F7-4668-BE54-9A1E7A4F7556}") = "Application", "Application\Application.csproj", "{A3B2E183-3F92-4556-86BF-79D1E7ADBD59}"
EndProject
Project("{9A19103F-16F7-4668-BE54-9A1E7A4F7556}") = "Domain", "Domain\Domain.csproj", "{E1229360-2F25-4D52-9E17-A8CBD3A315A3}"
EndProject
Project("{9A19103F-16F7-4668-BE54-9A1E7A4F7556}") = "Ioc", "Ioc\Ioc.csproj", "{088D49F2-C949-45A6-AB16-C566014AFC42}"
EndProject
Project("{9A19103F-16F7-4668-BE54-9A1E7A4F7556}") = "Service", "Service\Service.csproj", "{6AA1AB6B-B125-4006-81AB-B0F39ECEC295}"
EndProject
Project("{9A19103F-16F7-4668-BE54-9A1E7A4F7556}") = "ApplicationUnitaryTest", "ApplicationUnitaryTest\ApplicationUnitaryTest.csproj", "{40991995-1E76-4481-819A-A50CEA88D894}"
EndProject
Project("{2150E333-8FDC-42A3-9474-1A3956D46DE8}") = "Infra", "Infra", "{E57687B9-B224-4C66-BA20-3AC7437149B2}"
EndProject
Project("{9A19103F-16F7-4668-BE54-9A1E7A4F7556}") = "Data", "Infra\Data\Data.csproj", "{F4E779D6-F3C1-4CC8-8737-55F40FDD95B6}"
EndProject
Project("{9A19103F-16F7-4668-BE54-9A1E7A4F7556}") = "CrossCutting", "Infra\CrossCutting\CrossCutting.csproj", "{851FEB28-B3A6-4241-AE76-9CAB3498E582}"
EndProject
Project("{9A19103F-16F7-4668-BE54-9A1E7A4F7556}") = "ApiApplication", "ApiApplication\ApiApplication.csproj", "{1359E815-7269-42FA-8A5D-6B790E977E03}"
EndProject
Global
	GlobalSection(SolutionConfigurationPlatforms) = preSolution
		Debug|Any CPU = Debug|Any CPU
		Release|Any CPU = Release|Any CPU
	EndGlobalSection
	GlobalSection(ProjectConfigurationPlatforms) = postSolution
		{A3B2E183-3F92-4556-86BF-79D1E7ADBD59}.Debug|Any CPU.ActiveCfg = Debug|Any CPU
		{A3B2E183-3F92-4556-86BF-79D1E7ADBD59}.Debug|Any CPU.Build.0 = Debug|Any CPU
		{A3B2E183-3F92-4556-86BF-79D1E7ADBD59}.Release|Any CPU.ActiveCfg = Release|Any CPU
		{A3B2E183-3F92-4556-86BF-79D1E7ADBD59}.Release|Any CPU.Build.0 = Release|Any CPU
		{E1229360-2F25-4D52-9E17-A8CBD3A315A3}.Debug|Any CPU.ActiveCfg = Debug|Any CPU
		{E1229360-2F25-4D52-9E17-A8CBD3A315A3}.Debug|Any CPU.Build.0 = Debug|Any CPU
		{E1229360-2F25-4D52-9E17-A8CBD3A315A3}.Release|Any CPU.ActiveCfg = Release|Any CPU
		{E1229360-2F25-4D52-9E17-A8CBD3A315A3}.Release|Any CPU.Build.0 = Release|Any CPU
		{088D49F2-C949-45A6-AB16-C566014AFC42}.Debug|Any CPU.ActiveCfg = Debug|Any CPU
		{088D49F2-C949-45A6-AB16-C566014AFC42}.Debug|Any CPU.Build.0 = Debug|Any CPU
		{088D49F2-C949-45A6-AB16-C566014AFC42}.Release|Any CPU.ActiveCfg = Release|Any CPU
		{088D49F2-C949-45A6-AB16-C566014AFC42}.Release|Any CPU.Build.0 = Release|Any CPU
		{6AA1AB6B-B125-4006-81AB-B0F39ECEC295}.Debug|Any CPU.ActiveCfg = Debug|Any CPU
		{6AA1AB6B-B125-4006-81AB-B0F39ECEC295}.Debug|Any CPU.Build.0 = Debug|Any CPU
		{6AA1AB6B-B125-4006-81AB-B0F39ECEC295}.Release|Any CPU.ActiveCfg = Release|Any CPU
		{6AA1AB6B-B125-4006-81AB-B0F39ECEC295}.Release|Any CPU.Build.0 = Release|Any CPU
		{40991995-1E76-4481-819A-A50CEA88D894}.Debug|Any CPU.ActiveCfg = Debug|Any CPU
		{40991995-1E76-4481-819A-A50CEA88D894}.Debug|Any CPU.Build.0 = Debug|Any CPU
		{40991995-1E76-4481-819A-A50CEA88D894}.Release|Any CPU.ActiveCfg = Release|Any CPU
		{40991995-1E76-4481-819A-A50CEA88D894}.Release|Any CPU.Build.0 = Release|Any CPU
		{F4E779D6-F3C1-4CC8-8737-55F40FDD95B6}.Debug|Any CPU.ActiveCfg = Debug|Any CPU
		{F4E779D6-F3C1-4CC8-8737-55F40FDD95B6}.Debug|Any CPU.Build.0 = Debug|Any CPU
		{F4E779D6-F3C1-4CC8-8737-55F40FDD95B6}.Release|Any CPU.ActiveCfg = Release|Any CPU
		{F4E779D6-F3C1-4CC8-8737-55F40FDD95B6}.Release|Any CPU.Build.0 = Release|Any CPU
		{851FEB28-B3A6-4241-AE76-9CAB3498E582}.Debug|Any CPU.ActiveCfg = Debug|Any CPU
		{851FEB28-B3A6-4241-AE76-9CAB3498E582}.Debug|Any CPU.Build.0 = Debug|Any CPU
		{851FEB28-B3A6-4241-AE76-9CAB3498E582}.Release|Any CPU.ActiveCfg = Release|Any CPU
		{851FEB28-B3A6-4241-AE76-9CAB3498E582}.Release|Any CPU.Build.0 = Release|Any CPU
		{1359E815-7269-42FA-8A5D-6B790E977E03}.Debug|Any CPU.ActiveCfg = Debug|Any CPU
		{1359E815-7269-42FA-8A5D-6B790E977E03}.Debug|Any CPU.Build.0 = Debug|Any CPU
		{1359E815-7269-42FA-8A5D-6B790E977E03}.Release|Any CPU.ActiveCfg = Release|Any CPU
		{1359E815-7269-42FA-8A5D-6B790E977E03}.Release|Any CPU.Build.0 = Release|Any CPU
	EndGlobalSection
	GlobalSection(SolutionProperties) = preSolution
		HideSolutionNode = FALSE
	EndGlobalSection
	GlobalSection(NestedProjects) = preSolution
		{E4C653EC-891A-4C11-AA92-115FF8F63EFF} = {1F6E911D-71BE-42F3-846C-AE2D004C8A07}
		{A3B2E183-3F92-4556-86BF-79D1E7ADBD59} = {85DE6C43-C43F-43C9-ADDF-0F824435E113}
		{E1229360-2F25-4D52-9E17-A8CBD3A315A3} = {85DE6C43-C43F-43C9-ADDF-0F824435E113}
		{088D49F2-C949-45A6-AB16-C566014AFC42} = {85DE6C43-C43F-43C9-ADDF-0F824435E113}
		{6AA1AB6B-B125-4006-81AB-B0F39ECEC295} = {85DE6C43-C43F-43C9-ADDF-0F824435E113}
		{40991995-1E76-4481-819A-A50CEA88D894} = {0FAAE34A-3191-4C43-B07D-E1AE0AAA3164}
		{E57687B9-B224-4C66-BA20-3AC7437149B2} = {85DE6C43-C43F-43C9-ADDF-0F824435E113}
		{F4E779D6-F3C1-4CC8-8737-55F40FDD95B6} = {E57687B9-B224-4C66-BA20-3AC7437149B2}
		{851FEB28-B3A6-4241-AE76-9CAB3498E582} = {E57687B9-B224-4C66-BA20-3AC7437149B2}
		{1359E815-7269-42FA-8A5D-6B790E977E03} = {85DE6C43-C43F-43C9-ADDF-0F824435E113}
	EndGlobalSection
	GlobalSection(ExtensibilityGlobals) = postSolution
		SolutionGuid = {24606B5E-0C9C-46D4-98ED-30882A426226}
	EndGlobalSection
EndGlobal
