
Microsoft Visual Studio Solution File, Format Version 12.00
# Visual Studio Version 17
VisualStudioVersion = 17.8.34330.188
MinimumVisualStudioVersion = 10.0.40219.1
Project("{FAE04EC0-301F-11D3-BF4B-00C04F79EFBC}") = "Criptografia", "Criptografia.csproj", "{536A66D5-F965-4A18-8F55-1B5388CB164C}"
EndProject
Global
	GlobalSection(SolutionConfigurationPlatforms) = preSolution
		Debug|Any CPU = Debug|Any CPU
		Release|Any CPU = Release|Any CPU
	EndGlobalSection
	GlobalSection(ProjectConfigurationPlatforms) = postSolution
		{536A66D5-F965-4A18-8F55-1B5388CB164C}.Debug|Any CPU.ActiveCfg = Debug|Any CPU
		{536A66D5-F965-4A18-8F55-1B5388CB164C}.Debug|Any CPU.Build.0 = Debug|Any CPU
		{536A66D5-F965-4A18-8F55-1B5388CB164C}.Release|Any CPU.ActiveCfg = Release|Any CPU
		{536A66D5-F965-4A18-8F55-1B5388CB164C}.Release|Any CPU.Build.0 = Release|Any CPU
	EndGlobalSection
	GlobalSection(SolutionProperties) = preSolution
		HideSolutionNode = FALSE
	EndGlobalSection
	GlobalSection(ExtensibilityGlobals) = postSolution
		SolutionGuid = {6428679F-DFA6-403D-8E94-1AFC89085970}
	EndGlobalSection
EndGlobal
