
Microsoft Visual Studio Solution File, Format Version 12.00
# Visual Studio Version 17
VisualStudioVersion = 17.9.34902.65
MinimumVisualStudioVersion = 10.0.40219.1
Project("{9A19103F-16F7-4668-BE54-9A1E7A4F7556}") = "FacebookLoginAutomatico", "FacebookLoginAutomatico.csproj", "{5DDD6DA4-0973-4495-A5F4-6641852680FF}"
EndProject
Global
	GlobalSection(SolutionConfigurationPlatforms) = preSolution
		Debug|Any CPU = Debug|Any CPU
		Release|Any CPU = Release|Any CPU
	EndGlobalSection
	GlobalSection(ProjectConfigurationPlatforms) = postSolution
		{5DDD6DA4-0973-4495-A5F4-6641852680FF}.Debug|Any CPU.ActiveCfg = Debug|Any CPU
		{5DDD6DA4-0973-4495-A5F4-6641852680FF}.Debug|Any CPU.Build.0 = Debug|Any CPU
		{5DDD6DA4-0973-4495-A5F4-6641852680FF}.Release|Any CPU.ActiveCfg = Release|Any CPU
		{5DDD6DA4-0973-4495-A5F4-6641852680FF}.Release|Any CPU.Build.0 = Release|Any CPU
	EndGlobalSection
	GlobalSection(SolutionProperties) = preSolution
		HideSolutionNode = FALSE
	EndGlobalSection
	GlobalSection(ExtensibilityGlobals) = postSolution
		SolutionGuid = {1279273B-1068-4839-803C-89D5859CE63B}
	EndGlobalSection
EndGlobal
